{
  "nodes": {
    "compiz": {
      "inputs": {
        "nixpkgs": [
          "nixpkgs"
        ],
        "systems": "systems"
      },
      "locked": {
        "lastModified": 1721066993,
        "narHash": "sha256-4JkdhpWo93r0ovrb7CDBe92vkE7kvXxdQY56Jc9WDjs=",
        "owner": "LuNeder",
        "repo": "compiz-reloaded-nix",
        "rev": "43cad36d225a0d040d2d6ab1e77abc5628f83b30",
        "type": "github"
      },
      "original": {
        "owner": "LuNeder",
        "ref": "compiz09",
        "repo": "compiz-reloaded-nix",
        "type": "github"
      }
    },
    "compiz-reloaded": {
      "inputs": {
        "nixpkgs": [
          "nixpkgs"
        ],
        "systems": "systems_2"
      },
      "locked": {
        "lastModified": 1718998532,
        "narHash": "sha256-0K4mD8ceSxGUs9phvKclYVN51c4Wc6LKt785iHaDMR4=",
        "owner": "LuNeder",
        "repo": "compiz-reloaded-nix",
        "rev": "804ae51f41fc57173135c2d3baf14529945aa871",
        "type": "github"
      },
      "original": {
        "owner": "LuNeder",
        "repo": "compiz-reloaded-nix",
        "type": "github"
      }
    },
    "home-manager": {
      "inputs": {
        "nixpkgs": [
          "nixpkgs"
        ]
      },
      "locked": {
        "lastModified": 1720734513,
        "narHash": "sha256-neWQ8eNtLTd+YMesb7WjKl1SVCbDyCm46LUgP/g/hdo=",
        "owner": "nix-community",
        "repo": "home-manager",
        "rev": "90ae324e2c56af10f20549ab72014804a3064c7f",
        "type": "github"
      },
      "original": {
        "owner": "nix-community",
        "repo": "home-manager",
        "type": "github"
      }
    },
    "nix-flatpak": {
      "locked": {
        "lastModified": 1711997375,
        "narHash": "sha256-KvU4gOtuFMS9Il67glRGtdNfguAINT9pCaXtvCL8uI8=",
        "owner": "gmodena",
        "repo": "nix-flatpak",
        "rev": "45bf66f7068db79b552da864c0e87452be624d6c",
        "type": "github"
      },
      "original": {
        "owner": "gmodena",
        "repo": "nix-flatpak",
        "type": "github"
      }
    },
    "nixpkgs": {
      "locked": {
        "lastModified": 1720957393,
        "narHash": "sha256-oedh2RwpjEa+TNxhg5Je9Ch6d3W1NKi7DbRO1ziHemA=",
        "owner": "nixos",
        "repo": "nixpkgs",
        "rev": "693bc46d169f5af9c992095736e82c3488bf7dbb",
        "type": "github"
      },
      "original": {
        "owner": "nixos",
        "ref": "nixos-unstable",
        "repo": "nixpkgs",
        "type": "github"
      }
    },
    "pkgs-mndvlknlyrs": {
      "locked": {
        "lastModified": 1719775014,
        "narHash": "sha256-NR6Ff3N3yFBpPYJH0Lsng/KbyP1sEzMNhgm30hj8udQ=",
        "owner": "Scrumplex",
        "repo": "nixpkgs",
        "rev": "99549054367787f11e9a118770a354d6dbb5a831",
        "type": "github"
      },
      "original": {
        "owner": "Scrumplex",
        "ref": "nixos/monado/vulkan-layers",
        "repo": "nixpkgs",
        "type": "github"
      }
    },
    "pkgs-old": {
      "locked": {
        "lastModified": 1720535198,
        "narHash": "sha256-zwVvxrdIzralnSbcpghA92tWu2DV2lwv89xZc8MTrbg=",
        "owner": "nixos",
        "repo": "nixpkgs",
        "rev": "205fd4226592cc83fd4c0885a3e4c9c400efabb5",
        "type": "github"
      },
      "original": {
        "owner": "nixos",
        "ref": "nixos-23.11",
        "repo": "nixpkgs",
        "type": "github"
      }
    },
    "pkgs-wivrn": {
      "locked": {
        "lastModified": 1721061885,
        "narHash": "sha256-RdJ1Icg1H578djRfmytJ8pZOf20QLb3EZmRyMBPSTl8=",
        "owner": "PassiveLemon",
        "repo": "nixpkgs",
        "rev": "f567220a94d7580430b95dab37a49fd1f85cdd02",
        "type": "github"
      },
      "original": {
        "owner": "PassiveLemon",
        "ref": "wivrn-init",
        "repo": "nixpkgs",
        "type": "github"
      }
    },
    "root": {
      "inputs": {
        "compiz": "compiz",
        "compiz-reloaded": "compiz-reloaded",
        "home-manager": "home-manager",
        "nix-flatpak": "nix-flatpak",
        "nixpkgs": "nixpkgs",
        "pkgs-mndvlknlyrs": "pkgs-mndvlknlyrs",
        "pkgs-old": "pkgs-old",
        "pkgs-wivrn": "pkgs-wivrn",
        "systems": "systems_3"
      }
    },
    "systems": {
      "locked": {
        "lastModified": 1681028828,
        "narHash": "sha256-Vy1rq5AaRuLzOxct8nz4T6wlgyUR7zLU309k9mBC768=",
        "owner": "nix-systems",
        "repo": "default",
        "rev": "da67096a3b9bf56a91d16901293e51ba5b49a27e",
        "type": "github"
      },
      "original": {
        "owner": "nix-systems",
        "repo": "default",
        "type": "github"
      }
    },
    "systems_2": {
      "locked": {
        "lastModified": 1681028828,
        "narHash": "sha256-Vy1rq5AaRuLzOxct8nz4T6wlgyUR7zLU309k9mBC768=",
        "owner": "nix-systems",
        "repo": "default",
        "rev": "da67096a3b9bf56a91d16901293e51ba5b49a27e",
        "type": "github"
      },
      "original": {
        "owner": "nix-systems",
        "repo": "default",
        "type": "github"
      }
    },
    "systems_3": {
      "locked": {
        "lastModified": 1689347949,
        "narHash": "sha256-12tWmuL2zgBgZkdoB6qXZsgJEH9LR3oUgpaQq2RbI80=",
        "owner": "nix-systems",
        "repo": "default-linux",
        "rev": "31732fcf5e8fea42e59c2488ad31a0e651500f68",
        "type": "github"
      },
      "original": {
        "owner": "nix-systems",
        "repo": "default-linux",
        "type": "github"
      }
    }
  },
  "root": "root",
  "version": 7
}
